{
  "nodes": {
    "crane": {
      "locked": {
        "lastModified": 1762538466,
        "narHash": "sha256-8zrIPl6J+wLm9MH5ksHcW7BUHo7jSNOu0/hA0ohOOaM=",
        "owner": "ipetkov",
        "repo": "crane",
        "rev": "0cea393fffb39575c46b7a0318386467272182fe",
        "type": "github"
      },
      "original": {
        "owner": "ipetkov",
        "repo": "crane",
        "type": "github"
      }
    },
    "crane_2": {
      "locked": {
        "lastModified": 1775839657,
        "narHash": "sha256-SPm9ck7jh3Un9nwPuMGbRU04UroFmOHjLP56T10MOeM=",
        "owner": "ipetkov",
        "repo": "crane",
        "rev": "7cf72d978629469c4bd4206b95c402514c1f6000",
        "type": "github"
      },
      "original": {
        "owner": "ipetkov",
        "repo": "crane",
        "type": "github"
      }
    },
    "elephant": {
      "inputs": {
        "nixpkgs": [
          "nixpkgs"
        ],
        "systems": "systems"
      },
      "locked": {
        "lastModified": 1781164160,
        "narHash": "sha256-dxo3aPnfaQJt9K/3NhgKfu2Q9B42z4d4Or9Izoug+68=",
        "owner": "abenz1267",
        "repo": "elephant",
        "rev": "3296842820d04d5ec774afc7528492fcbb3c01f2",
        "type": "github"
      },
      "original": {
        "owner": "abenz1267",
        "repo": "elephant",
        "type": "github"
      }
    },
    "emacs-overlay": {
      "inputs": {
        "nixpkgs": "nixpkgs",
        "nixpkgs-stable": "nixpkgs-stable"
      },
      "locked": {
        "lastModified": 1782793307,
        "narHash": "sha256-EP2UdOswIdQuFVUBvEB4MLazNvGpNbsuNnxldZFgIBY=",
        "owner": "nix-community",
        "repo": "emacs-overlay",
        "rev": "be08305e372d57a1733795945c18e15c37801364",
        "type": "github"
      },
      "original": {
        "owner": "nix-community",
        "repo": "emacs-overlay",
        "type": "github"
      }
    },
    "fenix": {
      "inputs": {
        "nixpkgs": [
          "nixpkgs"
        ],
        "rust-analyzer-src": "rust-analyzer-src"
      },
      "locked": {
        "lastModified": 1782732035,
        "narHash": "sha256-oREqdReAdtbMW5WFcVFDg7NM4b6rmJQglZ+sxC+CwDs=",
        "owner": "nix-community",
        "repo": "fenix",
        "rev": "1748a8592edbdcbe8a2317ddc237b47a27932578",
        "type": "github"
      },
      "original": {
        "owner": "nix-community",
        "repo": "fenix",
        "type": "github"
      }
    },
    "files": {
      "flake": false,
      "locked": {
        "lastModified": 1780525181,
        "narHash": "sha256-a7a7123pVQpWOVfZnffX+KFGIx8rTHC6pbNwk0ZYe1k=",
        "owner": "mightyiam",
        "repo": "files",
        "rev": "72c3663bf84fcffbccc682949041189c1e5e5197",
        "type": "github"
      },
      "original": {
        "owner": "mightyiam",
        "repo": "files",
        "type": "github"
      }
    },
    "flake-compat": {
      "flake": false,
      "locked": {
        "lastModified": 1767039857,
        "narHash": "sha256-vNpUSpF5Nuw8xvDLj2KCwwksIbjua2LZCqhV1LNRDns=",
        "owner": "edolstra",
        "repo": "flake-compat",
        "rev": "5edf11c44bc78a0d334f6334cdaf7d60d732daab",
        "type": "github"
      },
      "original": {
        "owner": "edolstra",
        "repo": "flake-compat",
        "type": "github"
      }
    },
    "flake-parts": {
      "inputs": {
        "nixpkgs-lib": [
          "nixpkgs"
        ]
      },
      "locked": {
        "lastModified": 1778716662,
        "narHash": "sha256-m1Yf0wZ8j1OHjTc2UwHwyQRSnNeSgLJOd7q5Y45hzi4=",
        "owner": "hercules-ci",
        "repo": "flake-parts",
        "rev": "f7c1a2d347e4c52d5fb8d10cb4d94b5884e546fb",
        "type": "github"
      },
      "original": {
        "owner": "hercules-ci",
        "repo": "flake-parts",
        "type": "github"
      }
    },
    "flake-parts_2": {
      "inputs": {
        "nixpkgs-lib": [
          "neovim-nightly-overlay",
          "nixpkgs"
        ]
      },
      "locked": {
        "lastModified": 1778716662,
        "narHash": "sha256-m1Yf0wZ8j1OHjTc2UwHwyQRSnNeSgLJOd7q5Y45hzi4=",
        "owner": "hercules-ci",
        "repo": "flake-parts",
        "rev": "f7c1a2d347e4c52d5fb8d10cb4d94b5884e546fb",
        "type": "github"
      },
      "original": {
        "owner": "hercules-ci",
        "repo": "flake-parts",
        "type": "github"
      }
    },
    "flake-parts_3": {
      "inputs": {
        "nixpkgs-lib": "nixpkgs-lib"
      },
      "locked": {
        "lastModified": 1778716662,
        "narHash": "sha256-m1Yf0wZ8j1OHjTc2UwHwyQRSnNeSgLJOd7q5Y45hzi4=",
        "owner": "hercules-ci",
        "repo": "flake-parts",
        "rev": "f7c1a2d347e4c52d5fb8d10cb4d94b5884e546fb",
        "type": "github"
      },
      "original": {
        "owner": "hercules-ci",
        "repo": "flake-parts",
        "type": "github"
      }
    },
    "flake-parts_4": {
      "inputs": {
        "nixpkgs-lib": "nixpkgs-lib_2"
      },
      "locked": {
        "lastModified": 1762440070,
        "narHash": "sha256-xxdepIcb39UJ94+YydGP221rjnpkDZUlykKuF54PsqI=",
        "owner": "hercules-ci",
        "repo": "flake-parts",
        "rev": "26d05891e14c88eb4a5d5bee659c0db5afb609d8",
        "type": "github"
      },
      "original": {
        "owner": "hercules-ci",
        "repo": "flake-parts",
        "type": "github"
      }
    },
    "flake-parts_5": {
      "inputs": {
        "nixpkgs-lib": [
          "statix",
          "nixpkgs"
        ]
      },
      "locked": {
        "lastModified": 1778716662,
        "narHash": "sha256-m1Yf0wZ8j1OHjTc2UwHwyQRSnNeSgLJOd7q5Y45hzi4=",
        "owner": "hercules-ci",
        "repo": "flake-parts",
        "rev": "f7c1a2d347e4c52d5fb8d10cb4d94b5884e546fb",
        "type": "github"
      },
      "original": {
        "owner": "hercules-ci",
        "repo": "flake-parts",
        "type": "github"
      }
    },
    "flake-parts_6": {
      "inputs": {
        "nixpkgs-lib": "nixpkgs-lib_3"
      },
      "locked": {
        "lastModified": 1775087534,
        "narHash": "sha256-91qqW8lhL7TLwgQWijoGBbiD4t7/q75KTi8NxjVmSmA=",
        "owner": "hercules-ci",
        "repo": "flake-parts",
        "rev": "3107b77cd68437b9a76194f0f7f9c55f2329ca5b",
        "type": "github"
      },
      "original": {
        "owner": "hercules-ci",
        "repo": "flake-parts",
        "type": "github"
      }
    },
    "git-hooks": {
      "flake": false,
      "locked": {
        "lastModified": 1781733627,
        "narHash": "sha256-U3yTuGBnmXvXoQI3qkpfEDsn9RovQPAjN7ndRco+3u0=",
        "owner": "cachix",
        "repo": "git-hooks.nix",
        "rev": "3bbec39bc90eadfa031e6f3b77272f3f60803e39",
        "type": "github"
      },
      "original": {
        "owner": "cachix",
        "repo": "git-hooks.nix",
        "type": "github"
      }
    },
    "hjem": {
      "inputs": {
        "nixpkgs": [
          "nix-sources",
          "nixpkgs"
        ]
      },
      "locked": {
        "lastModified": 1782267080,
        "narHash": "sha256-so1hIImuLtTKTVUokJ/6C2D2b2D4znCx+/PAjMSAnpw=",
        "owner": "feel-co",
        "repo": "hjem",
        "rev": "dd0ba9e22fb46581f843e6121de33ca7a4a80224",
        "type": "github"
      },
      "original": {
        "owner": "feel-co",
        "repo": "hjem",
        "type": "github"
      }
    },
    "hyprgraphics": {
      "inputs": {
        "hyprutils": [
          "hyprlock",
          "hyprutils"
        ],
        "nixpkgs": [
          "hyprlock",
          "nixpkgs"
        ],
        "systems": [
          "hyprlock",
          "systems"
        ]
      },
      "locked": {
        "lastModified": 1772461523,
        "narHash": "sha256-mI6A51do+hEUzeJKk9YSWfVHdI/SEEIBi2tp5Whq5mI=",
        "owner": "hyprwm",
        "repo": "hyprgraphics",
        "rev": "7d63c04b4a2dd5e59ef943b4b143f46e713df804",
        "type": "github"
      },
      "original": {
        "owner": "hyprwm",
        "repo": "hyprgraphics",
        "type": "github"
      }
    },
    "hyprlang": {
      "inputs": {
        "hyprutils": [
          "hyprlock",
          "hyprutils"
        ],
        "nixpkgs": [
          "hyprlock",
          "nixpkgs"
        ],
        "systems": [
          "hyprlock",
          "systems"
        ]
      },
      "locked": {
        "lastModified": 1772459629,
        "narHash": "sha256-/iwvNUYShmmnwmz/czEUh6+0eF5vCMv0xtDW0STPIuM=",
        "owner": "hyprwm",
        "repo": "hyprlang",
        "rev": "7615ee388de18239a4ab1400946f3d0e498a8186",
        "type": "github"
      },
      "original": {
        "owner": "hyprwm",
        "repo": "hyprlang",
        "type": "github"
      }
    },
    "hyprlock": {
      "inputs": {
        "hyprgraphics": "hyprgraphics",
        "hyprlang": "hyprlang",
        "hyprutils": "hyprutils",
        "hyprwayland-scanner": "hyprwayland-scanner",
        "nixpkgs": "nixpkgs_2",
        "systems": "systems_2"
      },
      "locked": {
        "lastModified": 1782311564,
        "narHash": "sha256-v7zsCPK3yinSYJmZfOll7rtGo9g02a7ulmS/loFa0h0=",
        "owner": "hyprwm",
        "repo": "hyprlock",
        "rev": "c72fd24ca70bf726bbb58609b37545b24dcc9810",
        "type": "github"
      },
      "original": {
        "owner": "hyprwm",
        "repo": "hyprlock",
        "type": "github"
      }
    },
    "hyprutils": {
      "inputs": {
        "nixpkgs": [
          "hyprlock",
          "nixpkgs"
        ],
        "systems": [
          "hyprlock",
          "systems"
        ]
      },
      "locked": {
        "lastModified": 1772459870,
        "narHash": "sha256-xxkK2Cvqxpf/4UGcJ/TyCwrvmiNWsKsJfFzHMp2bxis=",
        "owner": "hyprwm",
        "repo": "hyprutils",
        "rev": "e63f3a79334dec49f8eb1691f66f18115df04085",
        "type": "github"
      },
      "original": {
        "owner": "hyprwm",
        "repo": "hyprutils",
        "type": "github"
      }
    },
    "hyprwayland-scanner": {
      "inputs": {
        "nixpkgs": [
          "hyprlock",
          "nixpkgs"
        ],
        "systems": [
          "hyprlock",
          "systems"
        ]
      },
      "locked": {
        "lastModified": 1772459835,
        "narHash": "sha256-978jRz/y/9TKmZb/qD4lEYHCQGHpEXGqy+8X2lFZsak=",
        "owner": "hyprwm",
        "repo": "hyprwayland-scanner",
        "rev": "0a692d4a645165eebd65f109146b8861e3a925e7",
        "type": "github"
      },
      "original": {
        "owner": "hyprwm",
        "repo": "hyprwayland-scanner",
        "type": "github"
      }
    },
    "make-shell": {
      "flake": false,
      "locked": {
        "lastModified": 1733933815,
        "narHash": "sha256-9JjM7eT66W4NJAXpGUsdyAFXhBxFWR2Z9LZwUa7Hli0=",
        "owner": "nicknovitski",
        "repo": "make-shell",
        "rev": "ffeceae9956df03571ea8e96ef77c2924f13a63c",
        "type": "github"
      },
      "original": {
        "owner": "nicknovitski",
        "repo": "make-shell",
        "type": "github"
      }
    },
    "neovim-nightly-overlay": {
      "inputs": {
        "flake-parts": "flake-parts_2",
        "neovim-src": "neovim-src",
        "nixpkgs": "nixpkgs_3"
      },
      "locked": {
        "lastModified": 1782717626,
        "narHash": "sha256-ezzhZespCpcwqu07KaPYqSEuaA/eKBFd/9In/flp1r8=",
        "owner": "nix-community",
        "repo": "neovim-nightly-overlay",
        "rev": "2b5cf92633caaf2604e7b78d8d16ad92dbb502c6",
        "type": "github"
      },
      "original": {
        "owner": "nix-community",
        "repo": "neovim-nightly-overlay",
        "type": "github"
      }
    },
    "neovim-src": {
      "flake": false,
      "locked": {
        "lastModified": 1782690497,
        "narHash": "sha256-BvqC7yLfUTeeoxpb6layHkM2BpjH1YTtAWWPumtAAyQ=",
        "owner": "neovim",
        "repo": "neovim",
        "rev": "84cd87908e81da33c8daa5646668939d7ea6afa7",
        "type": "github"
      },
      "original": {
        "owner": "neovim",
        "repo": "neovim",
        "type": "github"
      }
    },
    "niri": {
      "inputs": {
        "niri-stable": "niri-stable",
        "niri-unstable": "niri-unstable",
        "nixpkgs": "nixpkgs_4",
        "nixpkgs-stable": "nixpkgs-stable_2",
        "xwayland-satellite-stable": "xwayland-satellite-stable",
        "xwayland-satellite-unstable": "xwayland-satellite-unstable"
      },
      "locked": {
        "lastModified": 1782483927,
        "narHash": "sha256-Kdf+4MITGjTn1Z28cQnDXzV59074Cvjy5tiBNWOznjs=",
        "owner": "sodiboo",
        "repo": "niri-flake",
        "rev": "57f04399f828755528d503161d59f0e196d1735f",
        "type": "github"
      },
      "original": {
        "owner": "sodiboo",
        "repo": "niri-flake",
        "type": "github"
      }
    },
    "niri-stable": {
      "flake": false,
      "locked": {
        "lastModified": 1756556321,
        "narHash": "sha256-RLD89dfjN0RVO86C/Mot0T7aduCygPGaYbog566F0Qo=",
        "owner": "YaLTeR",
        "repo": "niri",
        "rev": "01be0e65f4eb91a9cd624ac0b76aaeab765c7294",
        "type": "github"
      },
      "original": {
        "owner": "YaLTeR",
        "ref": "v25.08",
        "repo": "niri",
        "type": "github"
      }
    },
    "niri-unstable": {
      "flake": false,
      "locked": {
        "lastModified": 1781781064,
        "narHash": "sha256-Ii/koEm/sRyg65qbAQWqEgboSEIhdH0EL4KglAc14p0=",
        "owner": "YaLTeR",
        "repo": "niri",
        "rev": "49fc6117fd6c043adaa2ead316b82db5ed735d36",
        "type": "github"
      },
      "original": {
        "owner": "YaLTeR",
        "repo": "niri",
        "type": "github"
      }
    },
    "nix-sources": {
      "inputs": {
        "hjem": "hjem",
        "niri": "niri",
        "nixpkgs": [
          "nix-sources",
          "nixpkgs-unstable"
        ],
        "nixpkgs-25-05": "nixpkgs-25-05",
        "nixpkgs-25-11": "nixpkgs-25-11",
        "nixpkgs-master": "nixpkgs-master",
        "nixpkgs-stable": "nixpkgs-stable_3",
        "nixpkgs-unstable": "nixpkgs-unstable"
      },
      "locked": {
        "lastModified": 1782579610,
        "narHash": "sha256-QNdIofbZ4W80PJAA+iAvO6Y5fadhOn/M3X+L2ATjUWc=",
        "owner": "percygt",
        "repo": "nix-sources",
        "rev": "2f7c36670a4e0e4e72b4e87689ef6c9d9e3edcae",
        "type": "github"
      },
      "original": {
        "owner": "percygt",
        "repo": "nix-sources",
        "type": "github"
      }
    },
    "nixos-cli": {
      "inputs": {
        "flake-compat": "flake-compat",
        "flake-parts": "flake-parts_3",
        "nixpkgs": "nixpkgs_5",
        "optnix": "optnix"
      },
      "locked": {
        "lastModified": 1780811447,
        "narHash": "sha256-H2UAcXvmdpgZi4trdX1hoJIteXdoqod5Vbs9oB+O4VY=",
        "owner": "nix-community",
        "repo": "nixos-cli",
        "rev": "fef2683f62b984a4c7b19eaf258f5dc387ec3447",
        "type": "github"
      },
      "original": {
        "owner": "nix-community",
        "repo": "nixos-cli",
        "type": "github"
      }
    },
    "nixpkgs": {
      "locked": {
        "lastModified": 1782467914,
        "narHash": "sha256-pGvFkM8N0xEkIIXDe5YYfbEAvHrk4IxBrjB/x8OomhE=",
        "owner": "NixOS",
        "repo": "nixpkgs",
        "rev": "e73de5be04e0eff4190a1432b946d469c794e7b4",
        "type": "github"
      },
      "original": {
        "owner": "NixOS",
        "ref": "nixos-unstable",
        "repo": "nixpkgs",
        "type": "github"
      }
    },
    "nixpkgs-25-05": {
      "locked": {
        "lastModified": 1767313136,
        "narHash": "sha256-3zSML8xJhOT2kRBCNUpniZSCeCBCPA3KGsRYh+KdtbU=",
        "rev": "ac62194c3917d5f474c1a844b6fd6da2db95077d",
        "type": "tarball",
        "url": "https://releases.nixos.org/nixos/25.05/nixos-25.05.813814.ac62194c3917/nixexprs.tar.xz"
      },
      "original": {
        "type": "tarball",
        "url": "https://channels.nixos.org/nixos-25.05/nixexprs.tar.xz"
      }
    },
    "nixpkgs-25-11": {
      "locked": {
        "lastModified": 1782335603,
        "narHash": "sha256-yqItmIgvQXe594kjeUqOIW/1P+e55wXA8kt9DOlUPRE=",
        "rev": "03c72920da828594fae523aaef96f33dff10b340",
        "type": "tarball",
        "url": "https://releases.nixos.org/nixos/25.11/nixos-25.11.12378.03c72920da82/nixexprs.tar.xz"
      },
      "original": {
        "type": "tarball",
        "url": "https://channels.nixos.org/nixos-25.11/nixexprs.tar.xz"
      }
    },
    "nixpkgs-lib": {
      "locked": {
        "lastModified": 1777168982,
        "narHash": "sha256-GOkGPcboWE9BmGCRMLX3worL4EMnsnG8MyKmXNeYuhQ=",
        "owner": "nix-community",
        "repo": "nixpkgs.lib",
        "rev": "f5901329dade4a6ea039af1433fb087bd9c1fe14",
        "type": "github"
      },
      "original": {
        "owner": "nix-community",
        "repo": "nixpkgs.lib",
        "type": "github"
      }
    },
    "nixpkgs-lib_2": {
      "locked": {
        "lastModified": 1761765539,
        "narHash": "sha256-b0yj6kfvO8ApcSE+QmA6mUfu8IYG6/uU28OFn4PaC8M=",
        "owner": "nix-community",
        "repo": "nixpkgs.lib",
        "rev": "719359f4562934ae99f5443f20aa06c2ffff91fc",
        "type": "github"
      },
      "original": {
        "owner": "nix-community",
        "repo": "nixpkgs.lib",
        "type": "github"
      }
    },
    "nixpkgs-lib_3": {
      "locked": {
        "lastModified": 1774748309,
        "narHash": "sha256-+U7gF3qxzwD5TZuANzZPeJTZRHS29OFQgkQ2kiTJBIQ=",
        "owner": "nix-community",
        "repo": "nixpkgs.lib",
        "rev": "333c4e0545a6da976206c74db8773a1645b5870a",
        "type": "github"
      },
      "original": {
        "owner": "nix-community",
        "repo": "nixpkgs.lib",
        "type": "github"
      }
    },
    "nixpkgs-master": {
      "locked": {
        "lastModified": 1782577105,
        "narHash": "sha256-Tcu9oE2/8BTVeA7E8Uj2XdOGmsgQ0c9ZETvy67E9VGc=",
        "owner": "nixos",
        "repo": "nixpkgs",
        "rev": "2b7d895a0d41bb9438a4144106003b00f217a4f2",
        "type": "github"
      },
      "original": {
        "owner": "nixos",
        "ref": "master",
        "repo": "nixpkgs",
        "type": "github"
      }
    },
    "nixpkgs-stable": {
      "locked": {
        "lastModified": 1782535326,
        "narHash": "sha256-ZeRxu4yn6shd3SNF5ZUQb4r7BaVo1zBKMjRhfoNSBmw=",
        "owner": "NixOS",
        "repo": "nixpkgs",
        "rev": "714a5f8c4ead6b31148d829288440ed033ccc041",
        "type": "github"
      },
      "original": {
        "owner": "NixOS",
        "ref": "nixos-26.05",
        "repo": "nixpkgs",
        "type": "github"
      }
    },
    "nixpkgs-stable_2": {
      "locked": {
        "lastModified": 1782335603,
        "narHash": "sha256-sZkQH1CkiZtdvcaLx4sGQD9Q9h+A8qB04DRpqQCN530=",
        "owner": "NixOS",
        "repo": "nixpkgs",
        "rev": "03c72920da828594fae523aaef96f33dff10b340",
        "type": "github"
      },
      "original": {
        "owner": "NixOS",
        "ref": "nixos-25.11",
        "repo": "nixpkgs",
        "type": "github"
      }
    },
    "nixpkgs-stable_3": {
      "locked": {
        "lastModified": 1782375420,
        "narHash": "sha256-f+/IH5ng5P91VHrhcNxqpW2RYDySD68V1fcX00COQy4=",
        "rev": "4062d36ebeae843c750011eef6b61ec9a9dbc9a9",
        "type": "tarball",
        "url": "https://releases.nixos.org/nixos/26.05/nixos-26.05.3250.4062d36ebeae/nixexprs.tar.xz"
      },
      "original": {
        "type": "tarball",
        "url": "https://channels.nixos.org/nixos-26.05/nixexprs.tar.xz"
      }
    },
    "nixpkgs-unstable": {
      "locked": {
        "lastModified": 1782467914,
        "narHash": "sha256-inDx/w70OSJoJPqtKh0BrzAsbZZhpya7YgS43jHnhwg=",
        "rev": "e73de5be04e0eff4190a1432b946d469c794e7b4",
        "type": "tarball",
        "url": "https://releases.nixos.org/nixos/unstable/nixos-26.11pre1022855.e73de5be04e0/nixexprs.tar.xz"
      },
      "original": {
        "type": "tarball",
        "url": "https://channels.nixos.org/nixos-unstable/nixexprs.tar.xz"
      }
    },
    "nixpkgs_2": {
      "locked": {
        "lastModified": 1772433332,
        "narHash": "sha256-izhTDFKsg6KeVBxJS9EblGeQ8y+O8eCa6RcW874vxEc=",
        "owner": "NixOS",
        "repo": "nixpkgs",
        "rev": "cf59864ef8aa2e178cccedbe2c178185b0365705",
        "type": "github"
      },
      "original": {
        "owner": "NixOS",
        "ref": "nixos-unstable",
        "repo": "nixpkgs",
        "type": "github"
      }
    },
    "nixpkgs_3": {
      "locked": {
        "lastModified": 1782545840,
        "narHash": "sha256-PkBPmP5ofNtunCU7/tfn6wi9OLlzFGcHAqqmY+/mwUI=",
        "owner": "NixOS",
        "repo": "nixpkgs",
        "rev": "3d46470bb3030020f7e1361f33514854f5bfa86d",
        "type": "github"
      },
      "original": {
        "owner": "NixOS",
        "ref": "nixpkgs-unstable",
        "repo": "nixpkgs",
        "type": "github"
      }
    },
    "nixpkgs_4": {
      "locked": {
        "lastModified": 1782467914,
        "narHash": "sha256-pGvFkM8N0xEkIIXDe5YYfbEAvHrk4IxBrjB/x8OomhE=",
        "owner": "NixOS",
        "repo": "nixpkgs",
        "rev": "e73de5be04e0eff4190a1432b946d469c794e7b4",
        "type": "github"
      },
      "original": {
        "owner": "NixOS",
        "ref": "nixos-unstable",
        "repo": "nixpkgs",
        "type": "github"
      }
    },
    "nixpkgs_5": {
      "locked": {
        "lastModified": 1780336545,
        "narHash": "sha256-vhVhuXzFrIOfcssC/9hDHx7MHzDKjF3keHuREOQqQiQ=",
        "owner": "NixOS",
        "repo": "nixpkgs",
        "rev": "4df1b885d76a54e1aa1a318f8d16fd6005b6401f",
        "type": "github"
      },
      "original": {
        "owner": "NixOS",
        "ref": "nixpkgs-unstable",
        "repo": "nixpkgs",
        "type": "github"
      }
    },
    "nixpkgs_6": {
      "locked": {
        "lastModified": 1776255774,
        "narHash": "sha256-psVTpH6PK3q1htMJpmdz1hLF5pQgEshu7gQWgKO6t6Y=",
        "owner": "NixOS",
        "repo": "nixpkgs",
        "rev": "566acc07c54dc807f91625bb286cb9b321b5f42a",
        "type": "github"
      },
      "original": {
        "owner": "NixOS",
        "ref": "nixpkgs-unstable",
        "repo": "nixpkgs",
        "type": "github"
      }
    },
    "nixpkgs_7": {
      "locked": {
        "lastModified": 1733015953,
        "narHash": "sha256-t4BBVpwG9B4hLgc6GUBuj3cjU7lP/PJfpTHuSqE+crk=",
        "owner": "NixOS",
        "repo": "nixpkgs",
        "rev": "ac35b104800bff9028425fec3b6e8a41de2bbfff",
        "type": "github"
      },
      "original": {
        "owner": "NixOS",
        "ref": "nixos-unstable",
        "repo": "nixpkgs",
        "type": "github"
      }
    },
    "optnix": {
      "inputs": {
        "flake-compat": [
          "nixos-cli",
          "flake-compat"
        ],
        "nixpkgs": [
          "nixos-cli",
          "nixpkgs"
        ]
      },
      "locked": {
        "lastModified": 1776468647,
        "narHash": "sha256-zx5O1RyRl6Fq+mvMh+JdS18aXR8644bcN9MKh2fN19M=",
        "owner": "water-sucks",
        "repo": "optnix",
        "rev": "c320dc5494c0caaca9ee4341367618c06a957709",
        "type": "github"
      },
      "original": {
        "owner": "water-sucks",
        "repo": "optnix",
        "type": "github"
      }
    },
    "root": {
      "inputs": {
        "elephant": "elephant",
        "emacs-overlay": "emacs-overlay",
        "fenix": "fenix",
        "flake-parts": "flake-parts",
        "hyprlock": "hyprlock",
        "neovim-nightly-overlay": "neovim-nightly-overlay",
        "nix-sources": "nix-sources",
        "nixos-cli": "nixos-cli",
        "nixpkgs": [
          "nix-sources",
          "nixpkgs"
        ],
        "nixpkgs-master": [
          "nix-sources",
          "nixpkgs-master"
        ],
        "nixpkgs-stable": [
          "nix-sources",
          "nixpkgs-stable"
        ],
        "nixpkgs-unstable": [
          "nix-sources",
          "nixpkgs-unstable"
        ],
        "sherlock": "sherlock",
        "statix": "statix",
        "television": "television",
        "tmux-switcher": "tmux-switcher",
        "walker": "walker",
        "zen-browser": "zen-browser"
      }
    },
    "rust-analyzer-src": {
      "flake": false,
      "locked": {
        "lastModified": 1782691063,
        "narHash": "sha256-qtAe8z4KKLIe/oKu4tc2bmaB+wEG/jjPrebR34WY0zg=",
        "owner": "rust-lang",
        "repo": "rust-analyzer",
        "rev": "972c4e7bee140acd27e26b3e04673bfd05302f89",
        "type": "github"
      },
      "original": {
        "owner": "rust-lang",
        "ref": "nightly",
        "repo": "rust-analyzer",
        "type": "github"
      }
    },
    "rust-overlay": {
      "inputs": {
        "nixpkgs": [
          "sherlock",
          "nixpkgs"
        ]
      },
      "locked": {
        "lastModified": 1762569282,
        "narHash": "sha256-vINZAJpXQTZd5cfh06Rcw7hesH7sGSvi+Tn+HUieJn8=",
        "owner": "oxalica",
        "repo": "rust-overlay",
        "rev": "a35a6144b976f70827c2fe2f5c89d16d8f9179d8",
        "type": "github"
      },
      "original": {
        "owner": "oxalica",
        "repo": "rust-overlay",
        "type": "github"
      }
    },
    "rust-overlay_2": {
      "inputs": {
        "nixpkgs": [
          "television",
          "nixpkgs"
        ]
      },
      "locked": {
        "lastModified": 1776309239,
        "narHash": "sha256-XzTecca59093jBsVAE4PVAMcJO+PAYHYHBPRnOR8iWs=",
        "owner": "oxalica",
        "repo": "rust-overlay",
        "rev": "3717ee024da7b0a20744f12c39b41e27cbc12f2d",
        "type": "github"
      },
      "original": {
        "owner": "oxalica",
        "repo": "rust-overlay",
        "type": "github"
      }
    },
    "sherlock": {
      "inputs": {
        "crane": "crane",
        "flake-parts": "flake-parts_4",
        "nixpkgs": [
          "nixpkgs"
        ],
        "rust-overlay": "rust-overlay"
      },
      "locked": {
        "lastModified": 1773761638,
        "narHash": "sha256-NrvJRoAOANk7W1th4IenSeeBsceBin8wN5ycDfONhH4=",
        "owner": "Skxxtz",
        "repo": "sherlock",
        "rev": "e1f0c10afbb08727936a18cf406411fc366dd3bf",
        "type": "github"
      },
      "original": {
        "owner": "Skxxtz",
        "ref": "unstable",
        "repo": "sherlock",
        "type": "github"
      }
    },
    "statix": {
      "inputs": {
        "files": "files",
        "flake-parts": "flake-parts_5",
        "git-hooks": "git-hooks",
        "make-shell": "make-shell",
        "nixpkgs": [
          "nixpkgs"
        ],
        "treefmt": "treefmt"
      },
      "locked": {
        "lastModified": 1782644546,
        "narHash": "sha256-V3AacP6DHq9WIZJZvFCPSqe0/VjwKFROUNblJxxPXxI=",
        "owner": "molybdenumsoftware",
        "repo": "statix",
        "rev": "964eee9bd0ef445838e32d38d097be0f0d4a2273",
        "type": "github"
      },
      "original": {
        "owner": "molybdenumsoftware",
        "repo": "statix",
        "type": "github"
      }
    },
    "systems": {
      "locked": {
        "lastModified": 1689347949,
        "narHash": "sha256-12tWmuL2zgBgZkdoB6qXZsgJEH9LR3oUgpaQq2RbI80=",
        "owner": "nix-systems",
        "repo": "default-linux",
        "rev": "31732fcf5e8fea42e59c2488ad31a0e651500f68",
        "type": "github"
      },
      "original": {
        "owner": "nix-systems",
        "repo": "default-linux",
        "type": "github"
      }
    },
    "systems_2": {
      "locked": {
        "lastModified": 1689347949,
        "narHash": "sha256-12tWmuL2zgBgZkdoB6qXZsgJEH9LR3oUgpaQq2RbI80=",
        "owner": "nix-systems",
        "repo": "default-linux",
        "rev": "31732fcf5e8fea42e59c2488ad31a0e651500f68",
        "type": "github"
      },
      "original": {
        "owner": "nix-systems",
        "repo": "default-linux",
        "type": "github"
      }
    },
    "systems_3": {
      "locked": {
        "lastModified": 1689347949,
        "narHash": "sha256-12tWmuL2zgBgZkdoB6qXZsgJEH9LR3oUgpaQq2RbI80=",
        "owner": "nix-systems",
        "repo": "default-linux",
        "rev": "31732fcf5e8fea42e59c2488ad31a0e651500f68",
        "type": "github"
      },
      "original": {
        "owner": "nix-systems",
        "repo": "default-linux",
        "type": "github"
      }
    },
    "television": {
      "inputs": {
        "crane": "crane_2",
        "flake-parts": "flake-parts_6",
        "nixpkgs": "nixpkgs_6",
        "rust-overlay": "rust-overlay_2"
      },
      "locked": {
        "lastModified": 1781473021,
        "narHash": "sha256-3Np6QdDKbRe6cZxCA8WHHVL+eKPMw2AFuiBx8dpr88Q=",
        "owner": "alexpasmantier",
        "repo": "television",
        "rev": "b9ff691572c3c05fa69171f62d5b31692e9d846e",
        "type": "github"
      },
      "original": {
        "owner": "alexpasmantier",
        "repo": "television",
        "type": "github"
      }
    },
    "tmux-switcher": {
      "inputs": {
        "nixpkgs": "nixpkgs_7"
      },
      "locked": {
        "lastModified": 1733194476,
        "narHash": "sha256-FDhEAaiZxoB3iy+0bav87X2LBhhNuNyrtxD2AjsQADQ=",
        "owner": "percygt",
        "repo": "tmux-switcher",
        "rev": "c44da42ad7ed129fc0442b3d4ca79623f2c13334",
        "type": "github"
      },
      "original": {
        "owner": "percygt",
        "repo": "tmux-switcher",
        "type": "github"
      }
    },
    "treefmt": {
      "flake": false,
      "locked": {
        "lastModified": 1780220602,
        "narHash": "sha256-eynAfOmbmxJnkp7YewvCEbShNnnYJ9gLLqkzsYtBPeM=",
        "owner": "numtide",
        "repo": "treefmt-nix",
        "rev": "db947814a175b7ca6ded66e21383d938df01c227",
        "type": "github"
      },
      "original": {
        "owner": "numtide",
        "repo": "treefmt-nix",
        "type": "github"
      }
    },
    "walker": {
      "inputs": {
        "elephant": [
          "elephant"
        ],
        "nixpkgs": [
          "nixpkgs"
        ],
        "systems": "systems_3"
      },
      "locked": {
        "lastModified": 1781164128,
        "narHash": "sha256-xPcYrHdDXWykIi5/XXkLvliBArRnfzvs+atB9El1qhI=",
        "owner": "abenz1267",
        "repo": "walker",
        "rev": "aa1e4b7d59237e8c43dde58636bae476f23d9bfb",
        "type": "github"
      },
      "original": {
        "owner": "abenz1267",
        "repo": "walker",
        "type": "github"
      }
    },
    "xwayland-satellite-stable": {
      "flake": false,
      "locked": {
        "lastModified": 1755491097,
        "narHash": "sha256-m+9tUfsmBeF2Gn4HWa6vSITZ4Gz1eA1F5Kh62B0N4oE=",
        "owner": "Supreeeme",
        "repo": "xwayland-satellite",
        "rev": "388d291e82ffbc73be18169d39470f340707edaa",
        "type": "github"
      },
      "original": {
        "owner": "Supreeeme",
        "ref": "v0.7",
        "repo": "xwayland-satellite",
        "type": "github"
      }
    },
    "xwayland-satellite-unstable": {
      "flake": false,
      "locked": {
        "lastModified": 1781226823,
        "narHash": "sha256-28696iIw8uE0ZUyFTtzhEM8xMh85clCYypMxkvUi+sc=",
        "owner": "Supreeeme",
        "repo": "xwayland-satellite",
        "rev": "8575d0ef55d70f9b4c46b6bffb3accf912217e1e",
        "type": "github"
      },
      "original": {
        "owner": "Supreeeme",
        "repo": "xwayland-satellite",
        "type": "github"
      }
    },
    "zen-browser": {
      "inputs": {
        "home-manager": [],
        "nixpkgs": [
          "nixpkgs-unstable"
        ]
      },
      "locked": {
        "lastModified": 1782623843,
        "narHash": "sha256-zQdTvI8jcVfblsrWafw1ykTnCVoV94ttxb5e6drwVaI=",
        "owner": "0xc000022070",
        "repo": "zen-browser-flake",
        "rev": "c59e57b9c6ea4c86f9f3b7efc92db3cbd305d078",
        "type": "github"
      },
      "original": {
        "owner": "0xc000022070",
        "repo": "zen-browser-flake",
        "type": "github"
      }
    }
  },
  "root": "root",
  "version": 7
}
